{
  "name": "ahill-premiere-shared-bridge",
  "version": "0.1.0",
  "lockfileVersion": 3,
  "requires": true,
  "packages": {
    "": {
      "name": "ahill-premiere-shared-bridge",
      "version": "0.1.0",
      "license": "MIT",
      "dependencies": {
        "premiere-pro-mcp": "1.14.5"
      },
      "engines": {
        "node": ">=20.19.0"
      }
    },
    "node_modules/@hono/node-server": {
      "version": "1.19.17",
      "resolved": "https://registry.npmjs.org/@hono/node-server/-/node-server-1.19.17.tgz",
      "integrity": "sha512-dSneS5qhiauZWGDCeK4o695Xd9nUNjviSZCMQrj10eetr8Uln1ucn6bbphOM6UynAMMtNIzZNSpL9vnASJwrPQ==",
      "license": "MIT",
      "engines": {
        "node": ">=18.14.1"
      },
      "peerDependencies": {
        "hono": "^4"
      }
    },
    "node_modules/@modelcontextprotocol/core": {
      "version": "2.0.0",
      "resolved": "https://registry.npmjs.org/@modelcontextprotocol/core/-/core-2.0.0.tgz",
      "integrity": "sha512-pJCEwGG7Lfr/+PQp9ZTwKXNeO5wzbfKL7H3MYpCorM4oFBoQrdjnBgEoqG+RjhsvS1FKrDbKux+M1HhlnGWqcA==",
      "license": "MIT",
      "dependencies": {
        "zod": "^4.2.0"
      },
      "engines": {
        "node": ">=20"
      }
    },
    "node_modules/@modelcontextprotocol/node": {
      "version": "2.0.0",
      "resolved": "https://registry.npmjs.org/@modelcontextprotocol/node/-/node-2.0.0.tgz",
      "integrity": "sha512-Y4hAC2XdGDUdDOCbLDOCA4+aL3NUldjsOWlDL/YwpAxrPhRm1xHd7lZ+mLacvZ9t3PaH28wgNoaLQGrIk1P2pg==",
      "license": "MIT",
      "dependencies": {
        "@hono/node-server": "^1.19.9"
      },
      "engines": {
        "node": ">=20"
      },
      "peerDependencies": {
        "@modelcontextprotocol/server": "^2.0.0",
        "hono": "^4.11.4"
      },
      "peerDependenciesMeta": {
        "hono": {
          "optional": true
        }
      }
    },
    "node_modules/@modelcontextprotocol/server": {
      "version": "2.0.0",
      "resolved": "https://registry.npmjs.org/@modelcontextprotocol/server/-/server-2.0.0.tgz",
      "integrity": "sha512-YhHWdHfpFMQfd0prsEnxKeS3Qz3ytIGmsS0sth4KDjnacIT7hxk6hXHkJ9KysxlkvTM+WZAtQbbcUhdoP4Hvtw==",
      "license": "MIT",
      "dependencies": {
        "@modelcontextprotocol/core": "2.0.0",
        "zod": "^4.2.0"
      },
      "engines": {
        "node": ">=20"
      }
    },
    "node_modules/@posthog/core": {
      "version": "1.51.1",
      "resolved": "https://registry.npmjs.org/@posthog/core/-/core-1.51.1.tgz",
      "integrity": "sha512-k0aDkW2XR7G0CWVnL0MZdY8wS5PhYvFtpWLdC2vD/sIUB6BGHhxNLgfVd2mLpmuf1zCBz5Q+p8g/01VL88s0Hg==",
      "license": "MIT",
      "dependencies": {
        "@posthog/types": "^1.409.2"
      }
    },
    "node_modules/@posthog/types": {
      "version": "1.409.2",
      "resolved": "https://registry.npmjs.org/@posthog/types/-/types-1.409.2.tgz",
      "integrity": "sha512-hZ4EXZ1+BstMaxUkmAEg3qvgMR/S00Xb+wEwY/Tx2Dr9dBgiBWrERxaq2UwICh/Fh/vVXpKZT/0SkRtO8JKQ2A==",
      "license": "MIT"
    },
    "node_modules/hono": {
      "version": "4.13.7",
      "resolved": "https://registry.npmjs.org/hono/-/hono-4.13.7.tgz",
      "integrity": "sha512-c8/gF9ac8Y78/agExVocyLevgR+JlpNB444Py0FSX8pJoPdYUfUzRcXtYEYGwt6l19qIlVZPN5Mfsw9jFShmQQ==",
      "license": "MIT",
      "peer": true,
      "engines": {
        "node": ">=16.9.0"
      }
    },
    "node_modules/jose": {
      "version": "6.2.12",
      "resolved": "https://registry.npmjs.org/jose/-/jose-6.2.12.tgz",
      "integrity": "sha512-9NiFmJEex0sy2Dk58j2UGBSHgUs2ypF9eZSu4L6vjOX3Dp96Sw1F3uL+H+D1sx02jZZdzUT0HgvCy59CuvXcWw==",
      "license": "MIT",
      "funding": {
        "url": "https://github.com/sponsors/panva"
      }
    },
    "node_modules/posthog-node": {
      "version": "5.51.8",
      "resolved": "https://registry.npmjs.org/posthog-node/-/posthog-node-5.51.8.tgz",
      "integrity": "sha512-TCqgAYbACwb/D3VI2S861ugD+FavvowQfak8eMwS/wATS+g0Wj+YpsABrBEKi+ZP3Y5SJDcoc7bIH49rlGo1Ww==",
      "license": "MIT",
      "dependencies": {
        "@posthog/core": "^1.51.1"
      },
      "engines": {
        "node": "^20.20.0 || >=22.22.0"
      },
      "peerDependencies": {
        "rxjs": "^7.0.0"
      },
      "peerDependenciesMeta": {
        "rxjs": {
          "optional": true
        }
      }
    },
    "node_modules/premiere-pro-mcp": {
      "version": "1.14.5",
      "resolved": "https://registry.npmjs.org/premiere-pro-mcp/-/premiere-pro-mcp-1.14.5.tgz",
      "integrity": "sha512-Ru8Kv0V/MbWk46xrpLy6UZtWL+RNV59m/jZUBjj7mZlazWmUCF5GAyRtYwqiCYTrUk4j2oeKd1p1MxQQ+cG8nQ==",
      "license": "MIT",
      "dependencies": {
        "@modelcontextprotocol/node": "^2.0.0",
        "@modelcontextprotocol/server": "^2.0.0",
        "jose": "^6.2.10",
        "posthog-node": "^5.51.1",
        "ws": "^8.21.1",
        "zod": "^4.4.3"
      },
      "bin": {
        "premiere-pro-mcp": "dist/index.js"
      },
      "engines": {
        "node": ">=20.19.0"
      }
    },
    "node_modules/ws": {
      "version": "8.21.3",
      "resolved": "https://registry.npmjs.org/ws/-/ws-8.21.3.tgz",
      "integrity": "sha512-201TZ/kPWxoPr/OKWjquZR1SWKXcvxdH+e1xrx89b3YbmzLMFCLfnaG1HFIgWzJOEWZ7MvpK++odZufgYR50Rw==",
      "license": "MIT",
      "engines": {
        "node": ">=10.0.0"
      },
      "peerDependencies": {
        "bufferutil": "^4.0.1",
        "utf-8-validate": ">=5.0.2"
      },
      "peerDependenciesMeta": {
        "bufferutil": {
          "optional": true
        },
        "utf-8-validate": {
          "optional": true
        }
      }
    },
    "node_modules/zod": {
      "version": "4.5.4",
      "resolved": "https://registry.npmjs.org/zod/-/zod-4.5.4.tgz",
      "integrity": "sha512-sC95tT5iHHH9gtpj6A81kh+NEaRAUFN+qlUPDUbRfOMvNf5QCBqsb3WgvnpVtK5Y+4UfA6KqufotuTvMGiTlsA==",
      "license": "MIT",
      "funding": {
        "url": "https://github.com/sponsors/colinhacks"
      }
    }
  }
}
